
Microsoft Visual Studio Solution File, Format Version 12.00
# Visual Studio 2013
VisualStudioVersion = 12.0.21005.1
MinimumVisualStudioVersion = 10.0.40219.1
Project("{FAE04EC0-301F-11D3-BF4B-00C04F79EFBC}") = "Donation_Distribution", "Donation_Distribution.csproj", "{C172EF29-769A-4755-BFB1-104C81D9F912}"
EndProject
Project("{FAE04EC0-301F-11D3-BF4B-00C04F79EFBC}") = "Entities", "E:\C# Practice\Entities\Entities.csproj", "{132A864C-3320-48D9-B378-9D4512954DA9}"
EndProject
Global
	GlobalSection(SolutionConfigurationPlatforms) = preSolution
		Debug|Any CPU = Debug|Any CPU
		Release|Any CPU = Release|Any CPU
	EndGlobalSection
	GlobalSection(ProjectConfigurationPlatforms) = postSolution
		{C172EF29-769A-4755-BFB1-104C81D9F912}.Debug|Any CPU.ActiveCfg = Debug|Any CPU
		{C172EF29-769A-4755-BFB1-104C81D9F912}.Debug|Any CPU.Build.0 = Debug|Any CPU
		{C172EF29-769A-4755-BFB1-104C81D9F912}.Release|Any CPU.ActiveCfg = Release|Any CPU
		{C172EF29-769A-4755-BFB1-104C81D9F912}.Release|Any CPU.Build.0 = Release|Any CPU
		{132A864C-3320-48D9-B378-9D4512954DA9}.Debug|Any CPU.ActiveCfg = Debug|Any CPU
		{132A864C-3320-48D9-B378-9D4512954DA9}.Debug|Any CPU.Build.0 = Debug|Any CPU
		{132A864C-3320-48D9-B378-9D4512954DA9}.Release|Any CPU.ActiveCfg = Release|Any CPU
		{132A864C-3320-48D9-B378-9D4512954DA9}.Release|Any CPU.Build.0 = Release|Any CPU
	EndGlobalSection
	GlobalSection(SolutionProperties) = preSolution
		HideSolutionNode = FALSE
	EndGlobalSection
	GlobalSection(ExtensibilityGlobals) = postSolution
		SolutionGuid = {F854FDCC-72F7-41E9-824C-9025D399A6DF}
	EndGlobalSection
EndGlobal
